{
  "lockfileVersion": 1,
  "configVersion": 1,
  "workspaces": {
    "": {
      "name": "@hraness/support-foundation",
      "devDependencies": {
        "@hraness/desktop-foundation": "https://github.com/hraness/desktop-foundation/releases/download/v1.0.0/hraness-desktop-foundation-1.0.0.tgz",
        "@types/bun": "1.4.2",
        "@types/node": "24.10.1",
        "typescript": "6.0.3",
      },
    },
  },
  "packages": {
    "@hraness/desktop-foundation": ["@hraness/desktop-foundation@https://github.com/hraness/desktop-foundation/releases/download/v1.0.0/hraness-desktop-foundation-1.0.0.tgz", {}, "sha512-SFluJb720KGsO2ewKSQ72hkWUu9voQXyOUQLCEHOsKKAMMeJMmEBLMP5hydbTBEu3IDB8zEkw6O10Mu/nzOakg=="],

    "@types/bun": ["@types/bun@1.4.2", "", { "dependencies": { "bun-types": "1.4.2" } }, "sha512-GimotNn7+ZV0uVArItBbriZsR1oNf0+WTzPkdcFrzShI7k2norL0uzEaJT8T33dWr7O/c9ZDuAFQrctKCi72oQ=="],

    "@types/node": ["@types/node@24.10.1", "", { "dependencies": { "undici-types": "~7.16.0" } }, "sha512-GNWcUTRBgIRJD5zj+Tq0fKOJ5XZajIiBroOF0yvj2bSU1WvNdYS/dn9UxwsujGW4JX06dnHyjV2y9rRaybH0iQ=="],

    "bun-types": ["bun-types@1.4.2", "", { "dependencies": { "@types/node": "*" } }, "sha512-bxV1FgK7yBIzjRe5zBozIM4Bem11ZJcCXSrjWRG3YWLt8yFDePu4cLjpebO8OvPeIE9trbyPF4fuj3Cia4Fj3w=="],

    "typescript": ["typescript@6.0.3", "", { "bin": { "tsc": "bin/tsc", "tsserver": "bin/tsserver" } }, "sha512-y2TvuxSZPDyQakkFRPZHKFm+KKVqIisdg9/CZwm9ftvKXLP8NRWj38/ODjNbr43SsoXqNuAisEf1GdCxqWcdBw=="],

    "undici-types": ["undici-types@7.16.0", "", {}, "sha512-Zz+aZWSj8LE6zoxD+xrjh4VfkIG8Ya6LvYkZqtUQGJPZjYl53ypCaUwWqo7eI0x66KBGeRo+mlBEkMSeSZ38Nw=="],
  }
}
